
Microsoft Visual Studio Solution File, Format Version 12.00
# Visual Studio Version 17
VisualStudioVersion = 17.1.32210.238
MinimumVisualStudioVersion = 10.0.40219.1
Project("{FAE04EC0-301F-11D3-BF4B-00C04F79EFBC}") = "CalculatorLibrary", "CalculatorLibrary\CalculatorLibrary.csproj", "{13360997-15A3-4F12-9576-6CAF57860557}"
EndProject
Global
	GlobalSection(SolutionConfigurationPlatforms) = preSolution
		Debug|Any CPU = Debug|Any CPU
		Release|Any CPU = Release|Any CPU
	EndGlobalSection
	GlobalSection(ProjectConfigurationPlatforms) = postSolution
		{13360997-15A3-4F12-9576-6CAF57860557}.Debug|Any CPU.ActiveCfg = Debug|Any CPU
		{13360997-15A3-4F12-9576-6CAF57860557}.Debug|Any CPU.Build.0 = Debug|Any CPU
		{13360997-15A3-4F12-9576-6CAF57860557}.Release|Any CPU.ActiveCfg = Release|Any CPU
		{13360997-15A3-4F12-9576-6CAF57860557}.Release|Any CPU.Build.0 = Release|Any CPU
	EndGlobalSection
	GlobalSection(SolutionProperties) = preSolution
		HideSolutionNode = FALSE
	EndGlobalSection
	GlobalSection(ExtensibilityGlobals) = postSolution
		SolutionGuid = {1CA1B337-5916-4F72-94FD-D7631C175488}
	EndGlobalSection
EndGlobal
