
Microsoft Visual Studio Solution File, Format Version 12.00
# Visual Studio Version 17
VisualStudioVersion = 17.1.32210.238
MinimumVisualStudioVersion = 10.0.40219.1
Project("{9A19103F-16F7-4668-BE54-9A1E7A4F7556}") = "FuelStation.Model", "FuelStation.Blazor.Model\FuelStation.Model.csproj", "{6F63B37B-B27E-4888-97FE-697E4CB266FC}"
EndProject
Project("{9A19103F-16F7-4668-BE54-9A1E7A4F7556}") = "FuelStation.EF", "FuelStation.EF\FuelStation.EF.csproj", "{99A7B31F-FB57-41F6-A086-A0AD5853E17F}"
EndProject
Project("{9A19103F-16F7-4668-BE54-9A1E7A4F7556}") = "FuelStation.Blazor.Server", "FuelStation.Blazor\Server\FuelStation.Blazor.Server.csproj", "{DA0F1C94-1D60-49C3-8457-4E19EF338B1E}"
EndProject
Project("{9A19103F-16F7-4668-BE54-9A1E7A4F7556}") = "FuelStation.Blazor.Client", "FuelStation.Blazor\Client\FuelStation.Blazor.Client.csproj", "{9ABC1FB0-D785-4A10-A1EF-2DDC9E82A7E5}"
EndProject
Project("{9A19103F-16F7-4668-BE54-9A1E7A4F7556}") = "FuelStation.Blazor.Shared", "FuelStation.Blazor\Shared\FuelStation.Blazor.Shared.csproj", "{1EB9607C-670E-4A5E-85E9-32B29ACB139A}"
EndProject
Global
	GlobalSection(SolutionConfigurationPlatforms) = preSolution
		Debug|Any CPU = Debug|Any CPU
		Release|Any CPU = Release|Any CPU
	EndGlobalSection
	GlobalSection(ProjectConfigurationPlatforms) = postSolution
		{6F63B37B-B27E-4888-97FE-697E4CB266FC}.Debug|Any CPU.ActiveCfg = Debug|Any CPU
		{6F63B37B-B27E-4888-97FE-697E4CB266FC}.Debug|Any CPU.Build.0 = Debug|Any CPU
		{6F63B37B-B27E-4888-97FE-697E4CB266FC}.Release|Any CPU.ActiveCfg = Release|Any CPU
		{6F63B37B-B27E-4888-97FE-697E4CB266FC}.Release|Any CPU.Build.0 = Release|Any CPU
		{99A7B31F-FB57-41F6-A086-A0AD5853E17F}.Debug|Any CPU.ActiveCfg = Debug|Any CPU
		{99A7B31F-FB57-41F6-A086-A0AD5853E17F}.Debug|Any CPU.Build.0 = Debug|Any CPU
		{99A7B31F-FB57-41F6-A086-A0AD5853E17F}.Release|Any CPU.ActiveCfg = Release|Any CPU
		{99A7B31F-FB57-41F6-A086-A0AD5853E17F}.Release|Any CPU.Build.0 = Release|Any CPU
		{DA0F1C94-1D60-49C3-8457-4E19EF338B1E}.Debug|Any CPU.ActiveCfg = Debug|Any CPU
		{DA0F1C94-1D60-49C3-8457-4E19EF338B1E}.Debug|Any CPU.Build.0 = Debug|Any CPU
		{DA0F1C94-1D60-49C3-8457-4E19EF338B1E}.Release|Any CPU.ActiveCfg = Release|Any CPU
		{DA0F1C94-1D60-49C3-8457-4E19EF338B1E}.Release|Any CPU.Build.0 = Release|Any CPU
		{9ABC1FB0-D785-4A10-A1EF-2DDC9E82A7E5}.Debug|Any CPU.ActiveCfg = Debug|Any CPU
		{9ABC1FB0-D785-4A10-A1EF-2DDC9E82A7E5}.Debug|Any CPU.Build.0 = Debug|Any CPU
		{9ABC1FB0-D785-4A10-A1EF-2DDC9E82A7E5}.Release|Any CPU.ActiveCfg = Release|Any CPU
		{9ABC1FB0-D785-4A10-A1EF-2DDC9E82A7E5}.Release|Any CPU.Build.0 = Release|Any CPU
		{1EB9607C-670E-4A5E-85E9-32B29ACB139A}.Debug|Any CPU.ActiveCfg = Debug|Any CPU
		{1EB9607C-670E-4A5E-85E9-32B29ACB139A}.Debug|Any CPU.Build.0 = Debug|Any CPU
		{1EB9607C-670E-4A5E-85E9-32B29ACB139A}.Release|Any CPU.ActiveCfg = Release|Any CPU
		{1EB9607C-670E-4A5E-85E9-32B29ACB139A}.Release|Any CPU.Build.0 = Release|Any CPU
	EndGlobalSection
	GlobalSection(SolutionProperties) = preSolution
		HideSolutionNode = FALSE
	EndGlobalSection
	GlobalSection(ExtensibilityGlobals) = postSolution
		SolutionGuid = {6BF90FF5-F0B3-4A11-A2DE-4106AC2A7708}
	EndGlobalSection
EndGlobal
